
Microsoft Visual Studio Solution File, Format Version 12.00
# Visual Studio Version 17
VisualStudioVersion = 17.0.31903.59
MinimumVisualStudioVersion = 10.0.40219.1
Project("{2150E333-8FDC-42A3-9474-1A3956D46DE8}") = "Bootstrapper", "Bootstrapper", "{6620F3D5-4B42-43FE-A761-50A01152CDBE}"
EndProject
Project("{2150E333-8FDC-42A3-9474-1A3956D46DE8}") = "Modules", "Modules", "{D254A2AC-0481-45DC-8440-D68FF88A62F2}"
EndProject
Project("{2150E333-8FDC-42A3-9474-1A3956D46DE8}") = "Shared", "Shared", "{2E3B508E-DDE2-42B1-A86E-AC7480636237}"
EndProject
Project("{2150E333-8FDC-42A3-9474-1A3956D46DE8}") = "Basket", "Basket", "{A936FDF9-510A-4105-A741-96EF9AD0411A}"
EndProject
Project("{2150E333-8FDC-42A3-9474-1A3956D46DE8}") = "Catalog", "Catalog", "{5D7C1271-EF23-4E5A-AFF3-4EDB2296EC63}"
EndProject
Project("{2150E333-8FDC-42A3-9474-1A3956D46DE8}") = "Ordering", "Ordering", "{3589FCB6-C1DC-4C26-9312-ADDFB0F3CBBB}"
EndProject
Project("{FAE04EC0-301F-11D3-BF4B-00C04F79EFBC}") = "Bootstrapper", "Bootstrapper\Bootstrapper.csproj", "{BC75580E-F2DD-4D47-9D0C-E18672C24FB2}"
EndProject
Project("{FAE04EC0-301F-11D3-BF4B-00C04F79EFBC}") = "Catalog", "Modules\Catalog\Catalog.csproj", "{7BF0A76D-83C7-4256-8AB6-CC136F6053B0}"
EndProject
Project("{FAE04EC0-301F-11D3-BF4B-00C04F79EFBC}") = "Basket", "Modules\Basket\Basket.csproj", "{0BAE37AE-D536-4188-9A22-13183B300BEF}"
EndProject
Project("{FAE04EC0-301F-11D3-BF4B-00C04F79EFBC}") = "Ordering", "Modules\Ordering\Ordering.csproj", "{081CFCAF-21B7-431C-9B85-E52BE42538D6}"
EndProject
Project("{FAE04EC0-301F-11D3-BF4B-00C04F79EFBC}") = "Shared", "Shared\Shared.csproj", "{FC09BCE1-34F3-4C4E-B005-AB2C10E03647}"
EndProject
Global
	GlobalSection(SolutionConfigurationPlatforms) = preSolution
		Debug|Any CPU = Debug|Any CPU
		Debug|x64 = Debug|x64
		Debug|x86 = Debug|x86
		Release|Any CPU = Release|Any CPU
		Release|x64 = Release|x64
		Release|x86 = Release|x86
	EndGlobalSection
	GlobalSection(ProjectConfigurationPlatforms) = postSolution
		{BC75580E-F2DD-4D47-9D0C-E18672C24FB2}.Debug|Any CPU.ActiveCfg = Debug|Any CPU
		{BC75580E-F2DD-4D47-9D0C-E18672C24FB2}.Debug|Any CPU.Build.0 = Debug|Any CPU
		{BC75580E-F2DD-4D47-9D0C-E18672C24FB2}.Debug|x64.ActiveCfg = Debug|Any CPU
		{BC75580E-F2DD-4D47-9D0C-E18672C24FB2}.Debug|x64.Build.0 = Debug|Any CPU
		{BC75580E-F2DD-4D47-9D0C-E18672C24FB2}.Debug|x86.ActiveCfg = Debug|Any CPU
		{BC75580E-F2DD-4D47-9D0C-E18672C24FB2}.Debug|x86.Build.0 = Debug|Any CPU
		{BC75580E-F2DD-4D47-9D0C-E18672C24FB2}.Release|Any CPU.ActiveCfg = Release|Any CPU
		{BC75580E-F2DD-4D47-9D0C-E18672C24FB2}.Release|Any CPU.Build.0 = Release|Any CPU
		{BC75580E-F2DD-4D47-9D0C-E18672C24FB2}.Release|x64.ActiveCfg = Release|Any CPU
		{BC75580E-F2DD-4D47-9D0C-E18672C24FB2}.Release|x64.Build.0 = Release|Any CPU
		{BC75580E-F2DD-4D47-9D0C-E18672C24FB2}.Release|x86.ActiveCfg = Release|Any CPU
		{BC75580E-F2DD-4D47-9D0C-E18672C24FB2}.Release|x86.Build.0 = Release|Any CPU
		{7BF0A76D-83C7-4256-8AB6-CC136F6053B0}.Debug|Any CPU.ActiveCfg = Debug|Any CPU
		{7BF0A76D-83C7-4256-8AB6-CC136F6053B0}.Debug|Any CPU.Build.0 = Debug|Any CPU
		{7BF0A76D-83C7-4256-8AB6-CC136F6053B0}.Debug|x64.ActiveCfg = Debug|Any CPU
		{7BF0A76D-83C7-4256-8AB6-CC136F6053B0}.Debug|x64.Build.0 = Debug|Any CPU
		{7BF0A76D-83C7-4256-8AB6-CC136F6053B0}.Debug|x86.ActiveCfg = Debug|Any CPU
		{7BF0A76D-83C7-4256-8AB6-CC136F6053B0}.Debug|x86.Build.0 = Debug|Any CPU
		{7BF0A76D-83C7-4256-8AB6-CC136F6053B0}.Release|Any CPU.ActiveCfg = Release|Any CPU
		{7BF0A76D-83C7-4256-8AB6-CC136F6053B0}.Release|Any CPU.Build.0 = Release|Any CPU
		{7BF0A76D-83C7-4256-8AB6-CC136F6053B0}.Release|x64.ActiveCfg = Release|Any CPU
		{7BF0A76D-83C7-4256-8AB6-CC136F6053B0}.Release|x64.Build.0 = Release|Any CPU
		{7BF0A76D-83C7-4256-8AB6-CC136F6053B0}.Release|x86.ActiveCfg = Release|Any CPU
		{7BF0A76D-83C7-4256-8AB6-CC136F6053B0}.Release|x86.Build.0 = Release|Any CPU
		{0BAE37AE-D536-4188-9A22-13183B300BEF}.Debug|Any CPU.ActiveCfg = Debug|Any CPU
		{0BAE37AE-D536-4188-9A22-13183B300BEF}.Debug|Any CPU.Build.0 = Debug|Any CPU
		{0BAE37AE-D536-4188-9A22-13183B300BEF}.Debug|x64.ActiveCfg = Debug|Any CPU
		{0BAE37AE-D536-4188-9A22-13183B300BEF}.Debug|x64.Build.0 = Debug|Any CPU
		{0BAE37AE-D536-4188-9A22-13183B300BEF}.Debug|x86.ActiveCfg = Debug|Any CPU
		{0BAE37AE-D536-4188-9A22-13183B300BEF}.Debug|x86.Build.0 = Debug|Any CPU
		{0BAE37AE-D536-4188-9A22-13183B300BEF}.Release|Any CPU.ActiveCfg = Release|Any CPU
		{0BAE37AE-D536-4188-9A22-13183B300BEF}.Release|Any CPU.Build.0 = Release|Any CPU
		{0BAE37AE-D536-4188-9A22-13183B300BEF}.Release|x64.ActiveCfg = Release|Any CPU
		{0BAE37AE-D536-4188-9A22-13183B300BEF}.Release|x64.Build.0 = Release|Any CPU
		{0BAE37AE-D536-4188-9A22-13183B300BEF}.Release|x86.ActiveCfg = Release|Any CPU
		{0BAE37AE-D536-4188-9A22-13183B300BEF}.Release|x86.Build.0 = Release|Any CPU
		{081CFCAF-21B7-431C-9B85-E52BE42538D6}.Debug|Any CPU.ActiveCfg = Debug|Any CPU
		{081CFCAF-21B7-431C-9B85-E52BE42538D6}.Debug|Any CPU.Build.0 = Debug|Any CPU
		{081CFCAF-21B7-431C-9B85-E52BE42538D6}.Debug|x64.ActiveCfg = Debug|Any CPU
		{081CFCAF-21B7-431C-9B85-E52BE42538D6}.Debug|x64.Build.0 = Debug|Any CPU
		{081CFCAF-21B7-431C-9B85-E52BE42538D6}.Debug|x86.ActiveCfg = Debug|Any CPU
		{081CFCAF-21B7-431C-9B85-E52BE42538D6}.Debug|x86.Build.0 = Debug|Any CPU
		{081CFCAF-21B7-431C-9B85-E52BE42538D6}.Release|Any CPU.ActiveCfg = Release|Any CPU
		{081CFCAF-21B7-431C-9B85-E52BE42538D6}.Release|Any CPU.Build.0 = Release|Any CPU
		{081CFCAF-21B7-431C-9B85-E52BE42538D6}.Release|x64.ActiveCfg = Release|Any CPU
		{081CFCAF-21B7-431C-9B85-E52BE42538D6}.Release|x64.Build.0 = Release|Any CPU
		{081CFCAF-21B7-431C-9B85-E52BE42538D6}.Release|x86.ActiveCfg = Release|Any CPU
		{081CFCAF-21B7-431C-9B85-E52BE42538D6}.Release|x86.Build.0 = Release|Any CPU
		{FC09BCE1-34F3-4C4E-B005-AB2C10E03647}.Debug|Any CPU.ActiveCfg = Debug|Any CPU
		{FC09BCE1-34F3-4C4E-B005-AB2C10E03647}.Debug|Any CPU.Build.0 = Debug|Any CPU
		{FC09BCE1-34F3-4C4E-B005-AB2C10E03647}.Debug|x64.ActiveCfg = Debug|Any CPU
		{FC09BCE1-34F3-4C4E-B005-AB2C10E03647}.Debug|x64.Build.0 = Debug|Any CPU
		{FC09BCE1-34F3-4C4E-B005-AB2C10E03647}.Debug|x86.ActiveCfg = Debug|Any CPU
		{FC09BCE1-34F3-4C4E-B005-AB2C10E03647}.Debug|x86.Build.0 = Debug|Any CPU
		{FC09BCE1-34F3-4C4E-B005-AB2C10E03647}.Release|Any CPU.ActiveCfg = Release|Any CPU
		{FC09BCE1-34F3-4C4E-B005-AB2C10E03647}.Release|Any CPU.Build.0 = Release|Any CPU
		{FC09BCE1-34F3-4C4E-B005-AB2C10E03647}.Release|x64.ActiveCfg = Release|Any CPU
		{FC09BCE1-34F3-4C4E-B005-AB2C10E03647}.Release|x64.Build.0 = Release|Any CPU
		{FC09BCE1-34F3-4C4E-B005-AB2C10E03647}.Release|x86.ActiveCfg = Release|Any CPU
		{FC09BCE1-34F3-4C4E-B005-AB2C10E03647}.Release|x86.Build.0 = Release|Any CPU
	EndGlobalSection
	GlobalSection(SolutionProperties) = preSolution
		HideSolutionNode = FALSE
	EndGlobalSection
	GlobalSection(NestedProjects) = preSolution
		{A936FDF9-510A-4105-A741-96EF9AD0411A} = {D254A2AC-0481-45DC-8440-D68FF88A62F2}
		{5D7C1271-EF23-4E5A-AFF3-4EDB2296EC63} = {D254A2AC-0481-45DC-8440-D68FF88A62F2}
		{3589FCB6-C1DC-4C26-9312-ADDFB0F3CBBB} = {D254A2AC-0481-45DC-8440-D68FF88A62F2}
		{BC75580E-F2DD-4D47-9D0C-E18672C24FB2} = {6620F3D5-4B42-43FE-A761-50A01152CDBE}
		{7BF0A76D-83C7-4256-8AB6-CC136F6053B0} = {5D7C1271-EF23-4E5A-AFF3-4EDB2296EC63}
		{0BAE37AE-D536-4188-9A22-13183B300BEF} = {A936FDF9-510A-4105-A741-96EF9AD0411A}
		{081CFCAF-21B7-431C-9B85-E52BE42538D6} = {3589FCB6-C1DC-4C26-9312-ADDFB0F3CBBB}
		{FC09BCE1-34F3-4C4E-B005-AB2C10E03647} = {2E3B508E-DDE2-42B1-A86E-AC7480636237}
	EndGlobalSection
EndGlobal
